// !$*UTF8*$!
{
	archiveVersion = 1;
	classes = {
	};
	objectVersion = 46;
	objects = {

/* Begin PBXBuildFile section */
		1012B5EA1DC5112800FFAF06 /* InPlayCell.swift in Sources */ = {isa = PBXBuildFile; fileRef = 1012B5E91DC5112800FFAF06 /* InPlayCell.swift */; };
		1012B5EC1DC5113100FFAF06 /* BenchCell.swift in Sources */ = {isa = PBXBuildFile; fileRef = 1012B5EB1DC5113100FFAF06 /* BenchCell.swift */; };
		1064EC861DC1864A0001FA5C /* InPlayCellSectionController.swift in Sources */ = {isa = PBXBuildFile; fileRef = 1064EC851DC1864A0001FA5C /* InPlayCellSectionController.swift */; };
		1064EC881DC186570001FA5C /* BenchCellSectionController.swift in Sources */ = {isa = PBXBuildFile; fileRef = 1064EC871DC186570001FA5C /* BenchCellSectionController.swift */; };
		1065604A1DB5926400D5D344 /* AppDelegate.swift in Sources */ = {isa = PBXBuildFile; fileRef = 106560491DB5926400D5D344 /* AppDelegate.swift */; };
		1065604F1DB5926400D5D344 /* Main.storyboard in Resources */ = {isa = PBXBuildFile; fileRef = 1065604D1DB5926400D5D344 /* Main.storyboard */; };
		106560511DB5926400D5D344 /* Assets.xcassets in Resources */ = {isa = PBXBuildFile; fileRef = 106560501DB5926400D5D344 /* Assets.xcassets */; };
		106560541DB5926400D5D344 /* LaunchScreen.storyboard in Resources */ = {isa = PBXBuildFile; fileRef = 106560521DB5926400D5D344 /* LaunchScreen.storyboard */; };
		1065605F1DB5926400D5D344 /* RosterTests.swift in Sources */ = {isa = PBXBuildFile; fileRef = 1065605E1DB5926400D5D344 /* RosterTests.swift */; };
		1065606A1DB5926400D5D344 /* RosterUITests.swift in Sources */ = {isa = PBXBuildFile; fileRef = 106560691DB5926400D5D344 /* RosterUITests.swift */; };
		1065607A1DB83ECE00D5D344 /* MainScheduleViewController.swift in Sources */ = {isa = PBXBuildFile; fileRef = 106560771DB83ECE00D5D344 /* MainScheduleViewController.swift */; };
		1065607E1DB990D500D5D344 /* SectionHeaderCell.swift in Sources */ = {isa = PBXBuildFile; fileRef = 1065607D1DB990D500D5D344 /* SectionHeaderCell.swift */; };
		106560801DB9926E00D5D344 /* Player.swift in Sources */ = {isa = PBXBuildFile; fileRef = 1065607F1DB9926E00D5D344 /* Player.swift */; };
		106560881DBC249A00D5D344 /* AddPlayerViewController.swift in Sources */ = {isa = PBXBuildFile; fileRef = 106560871DBC249A00D5D344 /* AddPlayerViewController.swift */; };
		1065608A1DBC450E00D5D344 /* PageHeaderCell.swift in Sources */ = {isa = PBXBuildFile; fileRef = 106560891DBC450E00D5D344 /* PageHeaderCell.swift */; };
		1065608E1DBC5AE500D5D344 /* Stopwatch.swift in Sources */ = {isa = PBXBuildFile; fileRef = 1065608D1DBC5AE500D5D344 /* Stopwatch.swift */; };
		1067AB531DCD72E600409CC6 /* PlayerCell.swift in Sources */ = {isa = PBXBuildFile; fileRef = 1067AB521DCD72E600409CC6 /* PlayerCell.swift */; };
		1067AB551DCE560300409CC6 /* AddPlayerCell.swift in Sources */ = {isa = PBXBuildFile; fileRef = 1067AB541DCE560300409CC6 /* AddPlayerCell.swift */; };
		10AA1A5C1DCF706B00D25C68 /* MenuViewController.swift in Sources */ = {isa = PBXBuildFile; fileRef = 10AA1A5B1DCF706B00D25C68 /* MenuViewController.swift */; };
		10FEFB0B1DCE6EBE00612C17 /* ControlsView.swift in Sources */ = {isa = PBXBuildFile; fileRef = 10FEFB0A1DCE6EBE00612C17 /* ControlsView.swift */; };
		35CE47B571050236EBC165A7 /* Pods_Roster.framework in Frameworks */ = {isa = PBXBuildFile; fileRef = 766223777D525B16208B8D01 /* Pods_Roster.framework */; };
/* End PBXBuildFile section */

/* Begin PBXContainerItemProxy section */
		1065605B1DB5926400D5D344 /* PBXContainerItemProxy */ = {
			isa = PBXContainerItemProxy;
			containerPortal = 1065603E1DB5926400D5D344 /* Project object */;
			proxyType = 1;
			remoteGlobalIDString = 106560451DB5926400D5D344;
			remoteInfo = Roster;
		};
		106560661DB5926400D5D344 /* PBXContainerItemProxy */ = {
			isa = PBXContainerItemProxy;
			containerPortal = 1065603E1DB5926400D5D344 /* Project object */;
			proxyType = 1;
			remoteGlobalIDString = 106560451DB5926400D5D344;
			remoteInfo = Roster;
		};
/* End PBXContainerItemProxy section */

/* Begin PBXFileReference section */
		1012B5E91DC5112800FFAF06 /* InPlayCell.swift */ = {isa = PBXFileReference; fileEncoding = 4; lastKnownFileType = sourcecode.swift; path = InPlayCell.swift; sourceTree = "<group>"; };
		1012B5EB1DC5113100FFAF06 /* BenchCell.swift */ = {isa = PBXFileReference; fileEncoding = 4; lastKnownFileType = sourcecode.swift; path = BenchCell.swift; sourceTree = "<group>"; };
		1064EC841DC1760A0001FA5C /* Constants.h */ = {isa = PBXFileReference; lastKnownFileType = sourcecode.c.h; path = Constants.h; sourceTree = "<group>"; };
		1064EC851DC1864A0001FA5C /* InPlayCellSectionController.swift */ = {isa = PBXFileReference; fileEncoding = 4; lastKnownFileType = sourcecode.swift; path = InPlayCellSectionController.swift; sourceTree = "<group>"; };
		1064EC871DC186570001FA5C /* BenchCellSectionController.swift */ = {isa = PBXFileReference; fileEncoding = 4; lastKnownFileType = sourcecode.swift; path = BenchCellSectionController.swift; sourceTree = "<group>"; };
		106560461DB5926400D5D344 /* Roster.app */ = {isa = PBXFileReference; explicitFileType = wrapper.application; includeInIndex = 0; path = Roster.app; sourceTree = BUILT_PRODUCTS_DIR; };
		106560491DB5926400D5D344 /* AppDelegate.swift */ = {isa = PBXFileReference; lastKnownFileType = sourcecode.swift; path = AppDelegate.swift; sourceTree = "<group>"; };
		1065604E1DB5926400D5D344 /* Base */ = {isa = PBXFileReference; lastKnownFileType = file.storyboard; name = Base; path = Base.lproj/Main.storyboard; sourceTree = "<group>"; };
		106560501DB5926400D5D344 /* Assets.xcassets */ = {isa = PBXFileReference; lastKnownFileType = folder.assetcatalog; path = Assets.xcassets; sourceTree = "<group>"; };
		106560531DB5926400D5D344 /* Base */ = {isa = PBXFileReference; lastKnownFileType = file.storyboard; name = Base; path = Base.lproj/LaunchScreen.storyboard; sourceTree = "<group>"; };
		106560551DB5926400D5D344 /* Info.plist */ = {isa = PBXFileReference; lastKnownFileType = text.plist.xml; path = Info.plist; sourceTree = "<group>"; };
		1065605A1DB5926400D5D344 /* RosterTests.xctest */ = {isa = PBXFileReference; explicitFileType = wrapper.cfbundle; includeInIndex = 0; path = RosterTests.xctest; sourceTree = BUILT_PRODUCTS_DIR; };
		1065605E1DB5926400D5D344 /* RosterTests.swift */ = {isa = PBXFileReference; lastKnownFileType = sourcecode.swift; path = RosterTests.swift; sourceTree = "<group>"; };
		106560601DB5926400D5D344 /* Info.plist */ = {isa = PBXFileReference; lastKnownFileType = text.plist.xml; path = Info.plist; sourceTree = "<group>"; };
		106560651DB5926400D5D344 /* RosterUITests.xctest */ = {isa = PBXFileReference; explicitFileType = wrapper.cfbundle; includeInIndex = 0; path = RosterUITests.xctest; sourceTree = BUILT_PRODUCTS_DIR; };
		106560691DB5926400D5D344 /* RosterUITests.swift */ = {isa = PBXFileReference; lastKnownFileType = sourcecode.swift; path = RosterUITests.swift; sourceTree = "<group>"; };
		1065606B1DB5926400D5D344 /* Info.plist */ = {isa = PBXFileReference; lastKnownFileType = text.plist.xml; path = Info.plist; sourceTree = "<group>"; };
		106560771DB83ECE00D5D344 /* MainScheduleViewController.swift */ = {isa = PBXFileReference; fileEncoding = 4; lastKnownFileType = sourcecode.swift; path = MainScheduleViewController.swift; sourceTree = "<group>"; };
		1065607D1DB990D500D5D344 /* SectionHeaderCell.swift */ = {isa = PBXFileReference; fileEncoding = 4; lastKnownFileType = sourcecode.swift; path = SectionHeaderCell.swift; sourceTree = "<group>"; };
		1065607F1DB9926E00D5D344 /* Player.swift */ = {isa = PBXFileReference; fileEncoding = 4; lastKnownFileType = sourcecode.swift; path = Player.swift; sourceTree = "<group>"; };
		106560871DBC249A00D5D344 /* AddPlayerViewController.swift */ = {isa = PBXFileReference; fileEncoding = 4; lastKnownFileType = sourcecode.swift; path = AddPlayerViewController.swift; sourceTree = "<group>"; };
		106560891DBC450E00D5D344 /* PageHeaderCell.swift */ = {isa = PBXFileReference; fileEncoding = 4; lastKnownFileType = sourcecode.swift; path = PageHeaderCell.swift; sourceTree = "<group>"; };
		1065608D1DBC5AE500D5D344 /* Stopwatch.swift */ = {isa = PBXFileReference; fileEncoding = 4; lastKnownFileType = sourcecode.swift; path = Stopwatch.swift; sourceTree = "<group>"; };
		1065608F1DBD316700D5D344 /* Roster-Bridging-Header.h */ = {isa = PBXFileReference; lastKnownFileType = sourcecode.c.h; path = "Roster-Bridging-Header.h"; sourceTree = "<group>"; };
		1067AB521DCD72E600409CC6 /* PlayerCell.swift */ = {isa = PBXFileReference; fileEncoding = 4; lastKnownFileType = sourcecode.swift; path = PlayerCell.swift; sourceTree = "<group>"; };
		1067AB541DCE560300409CC6 /* AddPlayerCell.swift */ = {isa = PBXFileReference; fileEncoding = 4; lastKnownFileType = sourcecode.swift; path = AddPlayerCell.swift; sourceTree = "<group>"; };
		10AA1A5B1DCF706B00D25C68 /* MenuViewController.swift */ = {isa = PBXFileReference; fileEncoding = 4; lastKnownFileType = sourcecode.swift; path = MenuViewController.swift; sourceTree = "<group>"; };
		10FEFB0A1DCE6EBE00612C17 /* ControlsView.swift */ = {isa = PBXFileReference; fileEncoding = 4; lastKnownFileType = sourcecode.swift; path = ControlsView.swift; sourceTree = "<group>"; };
		4F5B0D302008E8F2548EB097 /* Pods-Roster.release.xcconfig */ = {isa = PBXFileReference; includeInIndex = 1; lastKnownFileType = text.xcconfig; name = "Pods-Roster.release.xcconfig"; path = "Pods/Target Support Files/Pods-Roster/Pods-Roster.release.xcconfig"; sourceTree = "<group>"; };
		766223777D525B16208B8D01 /* Pods_Roster.framework */ = {isa = PBXFileReference; explicitFileType = wrapper.framework; includeInIndex = 0; path = Pods_Roster.framework; sourceTree = BUILT_PRODUCTS_DIR; };
		F6A7240DED3DA7ABA0EB3B16 /* Pods-Roster.debug.xcconfig */ = {isa = PBXFileReference; includeInIndex = 1; lastKnownFileType = text.xcconfig; name = "Pods-Roster.debug.xcconfig"; path = "Pods/Target Support Files/Pods-Roster/Pods-Roster.debug.xcconfig"; sourceTree = "<group>"; };
/* End PBXFileReference section */

/* Begin PBXFrameworksBuildPhase section */
		106560431DB5926400D5D344 /* Frameworks */ = {
			isa = PBXFrameworksBuildPhase;
			buildActionMask = 2147483647;
			files = (
				35CE47B571050236EBC165A7 /* Pods_Roster.framework in Frameworks */,
			);
			runOnlyForDeploymentPostprocessing = 0;
		};
		106560571DB5926400D5D344 /* Frameworks */ = {
			isa = PBXFrameworksBuildPhase;
			buildActionMask = 2147483647;
			files = (
			);
			runOnlyForDeploymentPostprocessing = 0;
		};
		106560621DB5926400D5D344 /* Frameworks */ = {
			isa = PBXFrameworksBuildPhase;
			buildActionMask = 2147483647;
			files = (
			);
			runOnlyForDeploymentPostprocessing = 0;
		};
/* End PBXFrameworksBuildPhase section */

/* Begin PBXGroup section */
		1065603D1DB5926400D5D344 = {
			isa = PBXGroup;
			children = (
				106560481DB5926400D5D344 /* Roster */,
				1065605D1DB5926400D5D344 /* RosterTests */,
				106560681DB5926400D5D344 /* RosterUITests */,
				106560471DB5926400D5D344 /* Products */,
				273F872F44EDB38825AA2BB0 /* Pods */,
				E261C2AC84965F4D317B2BFF /* Frameworks */,
			);
			sourceTree = "<group>";
		};
		106560471DB5926400D5D344 /* Products */ = {
			isa = PBXGroup;
			children = (
				106560461DB5926400D5D344 /* Roster.app */,
				1065605A1DB5926400D5D344 /* RosterTests.xctest */,
				106560651DB5926400D5D344 /* RosterUITests.xctest */,
			);
			name = Products;
			sourceTree = "<group>";
		};
		106560481DB5926400D5D344 /* Roster */ = {
			isa = PBXGroup;
			children = (
				106560491DB5926400D5D344 /* AppDelegate.swift */,
				10AA1A571DCEAD2000D25C68 /* MainView */,
				10AA1A5D1DCF706F00D25C68 /* MenuView */,
				1065608D1DBC5AE500D5D344 /* Stopwatch.swift */,
				106560871DBC249A00D5D344 /* AddPlayerViewController.swift */,
				1065607F1DB9926E00D5D344 /* Player.swift */,
				10FEFB0A1DCE6EBE00612C17 /* ControlsView.swift */,
				10AA1A581DCEAD9F00D25C68 /* Supporting Files */,
			);
			path = Roster;
			sourceTree = "<group>";
		};
		1065605D1DB5926400D5D344 /* RosterTests */ = {
			isa = PBXGroup;
			children = (
				1065605E1DB5926400D5D344 /* RosterTests.swift */,
				106560601DB5926400D5D344 /* Info.plist */,
			);
			path = RosterTests;
			sourceTree = "<group>";
		};
		106560681DB5926400D5D344 /* RosterUITests */ = {
			isa = PBXGroup;
			children = (
				106560691DB5926400D5D344 /* RosterUITests.swift */,
				1065606B1DB5926400D5D344 /* Info.plist */,
			);
			path = RosterUITests;
			sourceTree = "<group>";
		};
		10AA1A571DCEAD2000D25C68 /* MainView */ = {
			isa = PBXGroup;
			children = (
				106560771DB83ECE00D5D344 /* MainScheduleViewController.swift */,
				1067AB521DCD72E600409CC6 /* PlayerCell.swift */,
				10AA1A5A1DCEADBA00D25C68 /* InPlay */,
				10AA1A591DCEADB500D25C68 /* Bench */,
				106560891DBC450E00D5D344 /* PageHeaderCell.swift */,
				1065607D1DB990D500D5D344 /* SectionHeaderCell.swift */,
				1067AB541DCE560300409CC6 /* AddPlayerCell.swift */,
			);
			name = MainView;
			sourceTree = "<group>";
		};
		10AA1A581DCEAD9F00D25C68 /* Supporting Files */ = {
			isa = PBXGroup;
			children = (
				1065604D1DB5926400D5D344 /* Main.storyboard */,
				106560501DB5926400D5D344 /* Assets.xcassets */,
				106560521DB5926400D5D344 /* LaunchScreen.storyboard */,
				106560551DB5926400D5D344 /* Info.plist */,
				1065608F1DBD316700D5D344 /* Roster-Bridging-Header.h */,
				1064EC841DC1760A0001FA5C /* Constants.h */,
			);
			name = "Supporting Files";
			sourceTree = "<group>";
		};
		10AA1A591DCEADB500D25C68 /* Bench */ = {
			isa = PBXGroup;
			children = (
				1064EC871DC186570001FA5C /* BenchCellSectionController.swift */,
				1012B5EB1DC5113100FFAF06 /* BenchCell.swift */,
			);
			name = Bench;
			sourceTree = "<group>";
		};
		10AA1A5A1DCEADBA00D25C68 /* InPlay */ = {
			isa = PBXGroup;
			children = (
				1064EC851DC1864A0001FA5C /* InPlayCellSectionController.swift */,
				1012B5E91DC5112800FFAF06 /* InPlayCell.swift */,
			);
			name = InPlay;
			sourceTree = "<group>";
		};
		10AA1A5D1DCF706F00D25C68 /* MenuView */ = {
			isa = PBXGroup;
			children = (
				10AA1A5B1DCF706B00D25C68 /* MenuViewController.swift */,
			);
			name = MenuView;
			sourceTree = "<group>";
		};
		273F872F44EDB38825AA2BB0 /* Pods */ = {
			isa = PBXGroup;
			children = (
				F6A7240DED3DA7ABA0EB3B16 /* Pods-Roster.debug.xcconfig */,
				4F5B0D302008E8F2548EB097 /* Pods-Roster.release.xcconfig */,
			);
			name = Pods;
			sourceTree = "<group>";
		};
		E261C2AC84965F4D317B2BFF /* Frameworks */ = {
			isa = PBXGroup;
			children = (
				766223777D525B16208B8D01 /* Pods_Roster.framework */,
			);
			name = Frameworks;
			sourceTree = "<group>";
		};
/* End PBXGroup section */

/* Begin PBXNativeTarget section */
		106560451DB5926400D5D344 /* Roster */ = {
			isa = PBXNativeTarget;
			buildConfigurationList = 1065606E1DB5926400D5D344 /* Build configuration list for PBXNativeTarget "Roster" */;
			buildPhases = (
				157F6F6FFD32493A2DD2F520 /* [CP] Check Pods Manifest.lock */,
				106560421DB5926400D5D344 /* Sources */,
				106560431DB5926400D5D344 /* Frameworks */,
				106560441DB5926400D5D344 /* Resources */,
				A818705C4BCB3FA7C579EBE4 /* [CP] Embed Pods Frameworks */,
				F9369EC532A52D0F19D77A4A /* [CP] Copy Pods Resources */,
			);
			buildRules = (
			);
			dependencies = (
			);
			name = Roster;
			productName = Roster;
			productReference = 106560461DB5926400D5D344 /* Roster.app */;
			productType = "com.apple.product-type.application";
		};
		106560591DB5926400D5D344 /* RosterTests */ = {
			isa = PBXNativeTarget;
			buildConfigurationList = 106560711DB5926400D5D344 /* Build configuration list for PBXNativeTarget "RosterTests" */;
			buildPhases = (
				106560561DB5926400D5D344 /* Sources */,
				106560571DB5926400D5D344 /* Frameworks */,
				106560581DB5926400D5D344 /* Resources */,
			);
			buildRules = (
			);
			dependencies = (
				1065605C1DB5926400D5D344 /* PBXTargetDependency */,
			);
			name = RosterTests;
			productName = RosterTests;
			productReference = 1065605A1DB5926400D5D344 /* RosterTests.xctest */;
			productType = "com.apple.product-type.bundle.unit-test";
		};
		106560641DB5926400D5D344 /* RosterUITests */ = {
			isa = PBXNativeTarget;
			buildConfigurationList = 106560741DB5926400D5D344 /* Build configuration list for PBXNativeTarget "RosterUITests" */;
			buildPhases = (
				106560611DB5926400D5D344 /* Sources */,
				106560621DB5926400D5D344 /* Frameworks */,
				106560631DB5926400D5D344 /* Resources */,
			);
			buildRules = (
			);
			dependencies = (
				106560671DB5926400D5D344 /* PBXTargetDependency */,
			);
			name = RosterUITests;
			productName = RosterUITests;
			productReference = 106560651DB5926400D5D344 /* RosterUITests.xctest */;
			productType = "com.apple.product-type.bundle.ui-testing";
		};
/* End PBXNativeTarget section */

/* Begin PBXProject section */
		1065603E1DB5926400D5D344 /* Project object */ = {
			isa = PBXProject;
			attributes = {
				LastSwiftUpdateCheck = 0800;
				LastUpgradeCheck = 0800;
				ORGANIZATIONNAME = "Ty Schultz";
				TargetAttributes = {
					106560451DB5926400D5D344 = {
						CreatedOnToolsVersion = 8.0;
						DevelopmentTeam = 6B6QHT3AN6;
						LastSwiftMigration = 0800;
						ProvisioningStyle = Automatic;
					};
					106560591DB5926400D5D344 = {
						CreatedOnToolsVersion = 8.0;
						DevelopmentTeam = 6B6QHT3AN6;
						LastSwiftMigration = 0800;
						ProvisioningStyle = Automatic;
						TestTargetID = 106560451DB5926400D5D344;
					};
					106560641DB5926400D5D344 = {
						CreatedOnToolsVersion = 8.0;
						DevelopmentTeam = 6B6QHT3AN6;
						LastSwiftMigration = 0800;
						ProvisioningStyle = Automatic;
						TestTargetID = 106560451DB5926400D5D344;
					};
				};
			};
			buildConfigurationList = 106560411DB5926400D5D344 /* Build configuration list for PBXProject "Roster" */;
			compatibilityVersion = "Xcode 3.2";
			developmentRegion = English;
			hasScannedForEncodings = 0;
			knownRegions = (
				en,
				Base,
			);
			mainGroup = 1065603D1DB5926400D5D344;
			productRefGroup = 106560471DB5926400D5D344 /* Products */;
			projectDirPath = "";
			projectRoot = "";
			targets = (
				106560451DB5926400D5D344 /* Roster */,
				106560591DB5926400D5D344 /* RosterTests */,
				106560641DB5926400D5D344 /* RosterUITests */,
			);
		};
/* End PBXProject section */

/* Begin PBXResourcesBuildPhase section */
		106560441DB5926400D5D344 /* Resources */ = {
			isa = PBXResourcesBuildPhase;
			buildActionMask = 2147483647;
			files = (
				106560541DB5926400D5D344 /* LaunchScreen.storyboard in Resources */,
				106560511DB5926400D5D344 /* Assets.xcassets in Resources */,
				1065604F1DB5926400D5D344 /* Main.storyboard in Resources */,
			);
			runOnlyForDeploymentPostprocessing = 0;
		};
		106560581DB5926400D5D344 /* Resources */ = {
			isa = PBXResourcesBuildPhase;
			buildActionMask = 2147483647;
			files = (
			);
			runOnlyForDeploymentPostprocessing = 0;
		};
		106560631DB5926400D5D344 /* Resources */ = {
			isa = PBXResourcesBuildPhase;
			buildActionMask = 2147483647;
			files = (
			);
			runOnlyForDeploymentPostprocessing = 0;
		};
/* End PBXResourcesBuildPhase section */

/* Begin PBXShellScriptBuildPhase section */
		157F6F6FFD32493A2DD2F520 /* [CP] Check Pods Manifest.lock */ = {
			isa = PBXShellScriptBuildPhase;
			buildActionMask = 2147483647;
			files = (
			);
			inputPaths = (
			);
			name = "[CP] Check Pods Manifest.lock";
			outputPaths = (
			);
			runOnlyForDeploymentPostprocessing = 0;
			shellPath = /bin/sh;
			shellScript = "diff \"${PODS_ROOT}/../Podfile.lock\" \"${PODS_ROOT}/Manifest.lock\" > /dev/null\nif [[ $? != 0 ]] ; then\n    cat << EOM\nerror: The sandbox is not in sync with the Podfile.lock. Run 'pod install' or update your CocoaPods installation.\nEOM\n    exit 1\nfi\n";
			showEnvVarsInLog = 0;
		};
		A818705C4BCB3FA7C579EBE4 /* [CP] Embed Pods Frameworks */ = {
			isa = PBXShellScriptBuildPhase;
			buildActionMask = 2147483647;
			files = (
			);
			inputPaths = (
			);
			name = "[CP] Embed Pods Frameworks";
			outputPaths = (
			);
			runOnlyForDeploymentPostprocessing = 0;
			shellPath = /bin/sh;
			shellScript = "\"${SRCROOT}/Pods/Target Support Files/Pods-Roster/Pods-Roster-frameworks.sh\"\n";
			showEnvVarsInLog = 0;
		};
		F9369EC532A52D0F19D77A4A /* [CP] Copy Pods Resources */ = {
			isa = PBXShellScriptBuildPhase;
			buildActionMask = 2147483647;
			files = (
			);
			inputPaths = (
			);
			name = "[CP] Copy Pods Resources";
			outputPaths = (
			);
			runOnlyForDeploymentPostprocessing = 0;
			shellPath = /bin/sh;
			shellScript = "\"${SRCROOT}/Pods/Target Support Files/Pods-Roster/Pods-Roster-resources.sh\"\n";
			showEnvVarsInLog = 0;
		};
/* End PBXShellScriptBuildPhase section */

/* Begin PBXSourcesBuildPhase section */
		106560421DB5926400D5D344 /* Sources */ = {
			isa = PBXSourcesBuildPhase;
			buildActionMask = 2147483647;
			files = (
				1012B5EA1DC5112800FFAF06 /* InPlayCell.swift in Sources */,
				10AA1A5C1DCF706B00D25C68 /* MenuViewController.swift in Sources */,
				1064EC861DC1864A0001FA5C /* InPlayCellSectionController.swift in Sources */,
				1065607E1DB990D500D5D344 /* SectionHeaderCell.swift in Sources */,
				1067AB551DCE560300409CC6 /* AddPlayerCell.swift in Sources */,
				1065607A1DB83ECE00D5D344 /* MainScheduleViewController.swift in Sources */,
				1065608A1DBC450E00D5D344 /* PageHeaderCell.swift in Sources */,
				1067AB531DCD72E600409CC6 /* PlayerCell.swift in Sources */,
				10FEFB0B1DCE6EBE00612C17 /* ControlsView.swift in Sources */,
				1064EC881DC186570001FA5C /* BenchCellSectionController.swift in Sources */,
				1012B5EC1DC5113100FFAF06 /* BenchCell.swift in Sources */,
				1065604A1DB5926400D5D344 /* AppDelegate.swift in Sources */,
				106560881DBC249A00D5D344 /* AddPlayerViewController.swift in Sources */,
				1065608E1DBC5AE500D5D344 /* Stopwatch.swift in Sources */,
				106560801DB9926E00D5D344 /* Player.swift in Sources */,
			);
			runOnlyForDeploymentPostprocessing = 0;
		};
		106560561DB5926400D5D344 /* Sources */ = {
			isa = PBXSourcesBuildPhase;
			buildActionMask = 2147483647;
			files = (
				1065605F1DB5926400D5D344 /* RosterTests.swift in Sources */,
			);
			runOnlyForDeploymentPostprocessing = 0;
		};
		106560611DB5926400D5D344 /* Sources */ = {
			isa = PBXSourcesBuildPhase;
			buildActionMask = 2147483647;
			files = (
				1065606A1DB5926400D5D344 /* RosterUITests.swift in Sources */,
			);
			runOnlyForDeploymentPostprocessing = 0;
		};
/* End PBXSourcesBuildPhase section */

/* Begin PBXTargetDependency section */
		1065605C1DB5926400D5D344 /* PBXTargetDependency */ = {
			isa = PBXTargetDependency;
			target = 106560451DB5926400D5D344 /* Roster */;
			targetProxy = 1065605B1DB5926400D5D344 /* PBXContainerItemProxy */;
		};
		106560671DB5926400D5D344 /* PBXTargetDependency */ = {
			isa = PBXTargetDependency;
			target = 106560451DB5926400D5D344 /* Roster */;
			targetProxy = 106560661DB5926400D5D344 /* PBXContainerItemProxy */;
		};
/* End PBXTargetDependency section */

/* Begin PBXVariantGroup section */
		1065604D1DB5926400D5D344 /* Main.storyboard */ = {
			isa = PBXVariantGroup;
			children = (
				1065604E1DB5926400D5D344 /* Base */,
			);
			name = Main.storyboard;
			sourceTree = "<group>";
		};
		106560521DB5926400D5D344 /* LaunchScreen.storyboard */ = {
			isa = PBXVariantGroup;
			children = (
				106560531DB5926400D5D344 /* Base */,
			);
			name = LaunchScreen.storyboard;
			sourceTree = "<group>";
		};
/* End PBXVariantGroup section */

/* Begin XCBuildConfiguration section */
		1065606C1DB5926400D5D344 /* Debug */ = {
			isa = XCBuildConfiguration;
			buildSettings = {
				ALWAYS_SEARCH_USER_PATHS = NO;
				CLANG_ANALYZER_NONNULL = YES;
				CLANG_CXX_LANGUAGE_STANDARD = "gnu++0x";
				CLANG_CXX_LIBRARY = "libc++";
				CLANG_ENABLE_MODULES = YES;
				CLANG_ENABLE_OBJC_ARC = YES;
				CLANG_WARN_BOOL_CONVERSION = YES;
				CLANG_WARN_CONSTANT_CONVERSION = YES;
				CLANG_WARN_DIRECT_OBJC_ISA_USAGE = YES_ERROR;
				CLANG_WARN_DOCUMENTATION_COMMENTS = YES;
				CLANG_WARN_EMPTY_BODY = YES;
				CLANG_WARN_ENUM_CONVERSION = YES;
				CLANG_WARN_INFINITE_RECURSION = YES;
				CLANG_WARN_INT_CONVERSION = YES;
				CLANG_WARN_OBJC_ROOT_CLASS = YES_ERROR;
				CLANG_WARN_SUSPICIOUS_MOVES = YES;
				CLANG_WARN_UNREACHABLE_CODE = YES;
				CLANG_WARN__DUPLICATE_METHOD_MATCH = YES;
				"CODE_SIGN_IDENTITY[sdk=iphoneos*]" = "iPhone Developer";
				COPY_PHASE_STRIP = NO;
				DEBUG_INFORMATION_FORMAT = dwarf;
				ENABLE_STRICT_OBJC_MSGSEND = YES;
				ENABLE_TESTABILITY = YES;
				GCC_C_LANGUAGE_STANDARD = gnu99;
				GCC_DYNAMIC_NO_PIC = NO;
				GCC_NO_COMMON_BLOCKS = YES;
				GCC_OPTIMIZATION_LEVEL = 0;
				GCC_PREPROCESSOR_DEFINITIONS = (
					"DEBUG=1",
					"$(inherited)",
				);
				GCC_WARN_64_TO_32_BIT_CONVERSION = YES;
				GCC_WARN_ABOUT_RETURN_TYPE = YES_ERROR;
				GCC_WARN_UNDECLARED_SELECTOR = YES;
				GCC_WARN_UNINITIALIZED_AUTOS = YES_AGGRESSIVE;
				GCC_WARN_UNUSED_FUNCTION = YES;
				GCC_WARN_UNUSED_VARIABLE = YES;
				IPHONEOS_DEPLOYMENT_TARGET = 10.0;
				MTL_ENABLE_DEBUG_INFO = YES;
				ONLY_ACTIVE_ARCH = YES;
				SDKROOT = iphoneos;
				SWIFT_ACTIVE_COMPILATION_CONDITIONS = DEBUG;
				SWIFT_OPTIMIZATION_LEVEL = "-Onone";
			};
			name = Debug;
		};
		1065606D1DB5926400D5D344 /* Release */ = {
			isa = XCBuildConfiguration;
			buildSettings = {
				ALWAYS_SEARCH_USER_PATHS = NO;
				CLANG_ANALYZER_NONNULL = YES;
				CLANG_CXX_LANGUAGE_STANDARD = "gnu++0x";
				CLANG_CXX_LIBRARY = "libc++";
				CLANG_ENABLE_MODULES = YES;
				CLANG_ENABLE_OBJC_ARC = YES;
				CLANG_WARN_BOOL_CONVERSION = YES;
				CLANG_WARN_CONSTANT_CONVERSION = YES;
				CLANG_WARN_DIRECT_OBJC_ISA_USAGE = YES_ERROR;
				CLANG_WARN_DOCUMENTATION_COMMENTS = YES;
				CLANG_WARN_EMPTY_BODY = YES;
				CLANG_WARN_ENUM_CONVERSION = YES;
				CLANG_WARN_INFINITE_RECURSION = YES;
				CLANG_WARN_INT_CONVERSION = YES;
				CLANG_WARN_OBJC_ROOT_CLASS = YES_ERROR;
				CLANG_WARN_SUSPICIOUS_MOVES = YES;
				CLANG_WARN_UNREACHABLE_CODE = YES;
				CLANG_WARN__DUPLICATE_METHOD_MATCH = YES;
				"CODE_SIGN_IDENTITY[sdk=iphoneos*]" = "iPhone Developer";
				COPY_PHASE_STRIP = NO;
				DEBUG_INFORMATION_FORMAT = "dwarf-with-dsym";
				ENABLE_NS_ASSERTIONS = NO;
				ENABLE_STRICT_OBJC_MSGSEND = YES;
				GCC_C_LANGUAGE_STANDARD = gnu99;
				GCC_NO_COMMON_BLOCKS = YES;
				GCC_WARN_64_TO_32_BIT_CONVERSION = YES;
				GCC_WARN_ABOUT_RETURN_TYPE = YES_ERROR;
				GCC_WARN_UNDECLARED_SELECTOR = YES;
				GCC_WARN_UNINITIALIZED_AUTOS = YES_AGGRESSIVE;
				GCC_WARN_UNUSED_FUNCTION = YES;
				GCC_WARN_UNUSED_VARIABLE = YES;
				IPHONEOS_DEPLOYMENT_TARGET = 10.0;
				MTL_ENABLE_DEBUG_INFO = NO;
				SDKROOT = iphoneos;
				SWIFT_OPTIMIZATION_LEVEL = "-Owholemodule";
				VALIDATE_PRODUCT = YES;
			};
			name = Release;
		};
		1065606F1DB5926400D5D344 /* Debug */ = {
			isa = XCBuildConfiguration;
			baseConfigurationReference = F6A7240DED3DA7ABA0EB3B16 /* Pods-Roster.debug.xcconfig */;
			buildSettings = {
				ASSETCATALOG_COMPILER_APPICON_NAME = AppIcon;
				DEVELOPMENT_TEAM = 6B6QHT3AN6;
				INFOPLIST_FILE = Roster/Info.plist;
				LD_RUNPATH_SEARCH_PATHS = "$(inherited) @executable_path/Frameworks";
				PRODUCT_BUNDLE_IDENTIFIER = com.tyschultz.Roster;
				PRODUCT_NAME = "$(TARGET_NAME)";
				SWIFT_VERSION = 3.0;
			};
			name = Debug;
		};
		106560701DB5926400D5D344 /* Release */ = {
			isa = XCBuildConfiguration;
			baseConfigurationReference = 4F5B0D302008E8F2548EB097 /* Pods-Roster.release.xcconfig */;
			buildSettings = {
				ASSETCATALOG_COMPILER_APPICON_NAME = AppIcon;
				DEVELOPMENT_TEAM = 6B6QHT3AN6;
				INFOPLIST_FILE = Roster/Info.plist;
				LD_RUNPATH_SEARCH_PATHS = "$(inherited) @executable_path/Frameworks";
				PRODUCT_BUNDLE_IDENTIFIER = com.tyschultz.Roster;
				PRODUCT_NAME = "$(TARGET_NAME)";
				SWIFT_VERSION = 3.0;
			};
			name = Release;
		};
		106560721DB5926400D5D344 /* Debug */ = {
			isa = XCBuildConfiguration;
			buildSettings = {
				ALWAYS_EMBED_SWIFT_STANDARD_LIBRARIES = YES;
				BUNDLE_LOADER = "$(TEST_HOST)";
				DEVELOPMENT_TEAM = 6B6QHT3AN6;
				INFOPLIST_FILE = RosterTests/Info.plist;
				LD_RUNPATH_SEARCH_PATHS = "$(inherited) @executable_path/Frameworks @loader_path/Frameworks";
				PRODUCT_BUNDLE_IDENTIFIER = com.tyschultz.RosterTests;
				PRODUCT_NAME = "$(TARGET_NAME)";
				SWIFT_VERSION = 3.0;
				TEST_HOST = "$(BUILT_PRODUCTS_DIR)/Roster.app/Roster";
			};
			name = Debug;
		};
		106560731DB5926400D5D344 /* Release */ = {
			isa = XCBuildConfiguration;
			buildSettings = {
				ALWAYS_EMBED_SWIFT_STANDARD_LIBRARIES = YES;
				BUNDLE_LOADER = "$(TEST_HOST)";
				DEVELOPMENT_TEAM = 6B6QHT3AN6;
				INFOPLIST_FILE = RosterTests/Info.plist;
				LD_RUNPATH_SEARCH_PATHS = "$(inherited) @executable_path/Frameworks @loader_path/Frameworks";
				PRODUCT_BUNDLE_IDENTIFIER = com.tyschultz.RosterTests;
				PRODUCT_NAME = "$(TARGET_NAME)";
				SWIFT_VERSION = 3.0;
				TEST_HOST = "$(BUILT_PRODUCTS_DIR)/Roster.app/Roster";
			};
			name = Release;
		};
		106560751DB5926400D5D344 /* Debug */ = {
			isa = XCBuildConfiguration;
			buildSettings = {
				ALWAYS_EMBED_SWIFT_STANDARD_LIBRARIES = YES;
				DEVELOPMENT_TEAM = 6B6QHT3AN6;
				INFOPLIST_FILE = RosterUITests/Info.plist;
				LD_RUNPATH_SEARCH_PATHS = "$(inherited) @executable_path/Frameworks @loader_path/Frameworks";
				PRODUCT_BUNDLE_IDENTIFIER = com.tyschultz.RosterUITests;
				PRODUCT_NAME = "$(TARGET_NAME)";
				SWIFT_VERSION = 3.0;
				TEST_TARGET_NAME = Roster;
			};
			name = Debug;
		};
		106560761DB5926400D5D344 /* Release */ = {
			isa = XCBuildConfiguration;
			buildSettings = {
				ALWAYS_EMBED_SWIFT_STANDARD_LIBRARIES = YES;
				DEVELOPMENT_TEAM = 6B6QHT3AN6;
				INFOPLIST_FILE = RosterUITests/Info.plist;
				LD_RUNPATH_SEARCH_PATHS = "$(inherited) @executable_path/Frameworks @loader_path/Frameworks";
				PRODUCT_BUNDLE_IDENTIFIER = com.tyschultz.RosterUITests;
				PRODUCT_NAME = "$(TARGET_NAME)";
				SWIFT_VERSION = 3.0;
				TEST_TARGET_NAME = Roster;
			};
			name = Release;
		};
/* End XCBuildConfiguration section */

/* Begin XCConfigurationList section */
		106560411DB5926400D5D344 /* Build configuration list for PBXProject "Roster" */ = {
			isa = XCConfigurationList;
			buildConfigurations = (
				1065606C1DB5926400D5D344 /* Debug */,
				1065606D1DB5926400D5D344 /* Release */,
			);
			defaultConfigurationIsVisible = 0;
			defaultConfigurationName = Release;
		};
		1065606E1DB5926400D5D344 /* Build configuration list for PBXNativeTarget "Roster" */ = {
			isa = XCConfigurationList;
			buildConfigurations = (
				1065606F1DB5926400D5D344 /* Debug */,
				106560701DB5926400D5D344 /* Release */,
			);
			defaultConfigurationIsVisible = 0;
			defaultConfigurationName = Release;
		};
		106560711DB5926400D5D344 /* Build configuration list for PBXNativeTarget "RosterTests" */ = {
			isa = XCConfigurationList;
			buildConfigurations = (
				106560721DB5926400D5D344 /* Debug */,
				106560731DB5926400D5D344 /* Release */,
			);
			defaultConfigurationIsVisible = 0;
			defaultConfigurationName = Release;
		};
		106560741DB5926400D5D344 /* Build configuration list for PBXNativeTarget "RosterUITests" */ = {
			isa = XCConfigurationList;
			buildConfigurations = (
				106560751DB5926400D5D344 /* Debug */,
				106560761DB5926400D5D344 /* Release */,
			);
			defaultConfigurationIsVisible = 0;
			defaultConfigurationName = Release;
		};
/* End XCConfigurationList section */
	};
	rootObject = 1065603E1DB5926400D5D344 /* Project object */;
}
